
Microsoft Visual Studio Solution File, Format Version 12.00
# Visual Studio Version 18
VisualStudioVersion = 18.4.11626.88 stable
MinimumVisualStudioVersion = 10.0.40219.1
Project("{FAE04EC0-301F-11D3-BF4B-00C04F79EFBC}") = "BugPro", "BugPro\BugPro.csproj", "{8F64596E-66A4-46D1-9715-6D7ABDA04482}"
EndProject
Project("{FAE04EC0-301F-11D3-BF4B-00C04F79EFBC}") = "BugTests", "BugTests\BugTests.csproj", "{DD38D865-8E73-4315-9DDA-E1B508CB6ECD}"
EndProject
Global
	GlobalSection(SolutionConfigurationPlatforms) = preSolution
		Debug|Any CPU = Debug|Any CPU
		Release|Any CPU = Release|Any CPU
	EndGlobalSection
	GlobalSection(ProjectConfigurationPlatforms) = postSolution
		{8F64596E-66A4-46D1-9715-6D7ABDA04482}.Debug|Any CPU.ActiveCfg = Debug|Any CPU
		{8F64596E-66A4-46D1-9715-6D7ABDA04482}.Debug|Any CPU.Build.0 = Debug|Any CPU
		{8F64596E-66A4-46D1-9715-6D7ABDA04482}.Release|Any CPU.ActiveCfg = Release|Any CPU
		{8F64596E-66A4-46D1-9715-6D7ABDA04482}.Release|Any CPU.Build.0 = Release|Any CPU
		{DD38D865-8E73-4315-9DDA-E1B508CB6ECD}.Debug|Any CPU.ActiveCfg = Debug|Any CPU
		{DD38D865-8E73-4315-9DDA-E1B508CB6ECD}.Debug|Any CPU.Build.0 = Debug|Any CPU
		{DD38D865-8E73-4315-9DDA-E1B508CB6ECD}.Release|Any CPU.ActiveCfg = Release|Any CPU
		{DD38D865-8E73-4315-9DDA-E1B508CB6ECD}.Release|Any CPU.Build.0 = Release|Any CPU
	EndGlobalSection
	GlobalSection(SolutionProperties) = preSolution
		HideSolutionNode = FALSE
	EndGlobalSection
	GlobalSection(ExtensibilityGlobals) = postSolution
		SolutionGuid = {4BBC5506-5110-4702-9CEA-AC945AE66433}
	EndGlobalSection
EndGlobal
